
Microsoft Visual Studio Solution File, Format Version 12.00
# Visual Studio Version 16
VisualStudioVersion = 16.0.29503.13
MinimumVisualStudioVersion = 10.0.40219.1
Project("{9A19103F-16F7-4668-BE54-9A1E7A4F7556}") = "OpenRPA.RDService", "OpenRPA.RDService\OpenRPA.RDService.csproj", "{A947E42F-9274-40E5-B445-EDE7C3A2E0EB}"
EndProject
Project("{9A19103F-16F7-4668-BE54-9A1E7A4F7556}") = "OpenRPA.NamedPipeWrapper", "OpenRPA.NamedPipeWrapper\OpenRPA.NamedPipeWrapper.csproj", "{D9EFA348-45C2-411B-97E9-474E152E760A}"
EndProject
Project("{9A19103F-16F7-4668-BE54-9A1E7A4F7556}") = "OpenRPA.Interfaces", "OpenRPA.Interfaces\OpenRPA.Interfaces.csproj", "{C50B1F3D-C4BC-4FCE-8DCE-D7930B97EA98}"
EndProject
Project("{9A19103F-16F7-4668-BE54-9A1E7A4F7556}") = "OpenRPA.Net", "OpenRPA.Net\OpenRPA.Net.csproj", "{BF4715D1-8026-4EC5-9C64-A17836F25187}"
EndProject
Project("{9A19103F-16F7-4668-BE54-9A1E7A4F7556}") = "OpenRPA.RDServiceMonitor", "OpenRPA.RDServiceMonitor\OpenRPA.RDServiceMonitor.csproj", "{D985088B-B432-4F3A-BB18-DD6F647E9378}"
EndProject
Project("{9A19103F-16F7-4668-BE54-9A1E7A4F7556}") = "OpenRPA.RDServicePlugin", "OpenRPA.RDServicePlugin\OpenRPA.RDServicePlugin.csproj", "{7E0D4FA7-1983-4177-9431-2A5C58BF031F}"
EndProject
Global
	GlobalSection(SolutionConfigurationPlatforms) = preSolution
		Debug|Any CPU = Debug|Any CPU
		Debug|x86 = Debug|x86
		PrepInstaller|Any CPU = PrepInstaller|Any CPU
		PrepInstaller|x86 = PrepInstaller|x86
		Release|Any CPU = Release|Any CPU
		Release|x86 = Release|x86
		ReleaseNuget|Any CPU = ReleaseNuget|Any CPU
		ReleaseNuget|x86 = ReleaseNuget|x86
	EndGlobalSection
	GlobalSection(ProjectConfigurationPlatforms) = postSolution
		{A947E42F-9274-40E5-B445-EDE7C3A2E0EB}.Debug|Any CPU.ActiveCfg = Debug|Any CPU
		{A947E42F-9274-40E5-B445-EDE7C3A2E0EB}.Debug|Any CPU.Build.0 = Debug|Any CPU
		{A947E42F-9274-40E5-B445-EDE7C3A2E0EB}.Debug|x86.ActiveCfg = Debug|x86
		{A947E42F-9274-40E5-B445-EDE7C3A2E0EB}.Debug|x86.Build.0 = Debug|x86
		{A947E42F-9274-40E5-B445-EDE7C3A2E0EB}.PrepInstaller|Any CPU.ActiveCfg = PrepInstaller|Any CPU
		{A947E42F-9274-40E5-B445-EDE7C3A2E0EB}.PrepInstaller|Any CPU.Build.0 = PrepInstaller|Any CPU
		{A947E42F-9274-40E5-B445-EDE7C3A2E0EB}.PrepInstaller|x86.ActiveCfg = PrepInstaller|x86
		{A947E42F-9274-40E5-B445-EDE7C3A2E0EB}.PrepInstaller|x86.Build.0 = PrepInstaller|x86
		{A947E42F-9274-40E5-B445-EDE7C3A2E0EB}.Release|Any CPU.ActiveCfg = Release|Any CPU
		{A947E42F-9274-40E5-B445-EDE7C3A2E0EB}.Release|Any CPU.Build.0 = Release|Any CPU
		{A947E42F-9274-40E5-B445-EDE7C3A2E0EB}.Release|x86.ActiveCfg = Release|x86
		{A947E42F-9274-40E5-B445-EDE7C3A2E0EB}.Release|x86.Build.0 = Release|x86
		{A947E42F-9274-40E5-B445-EDE7C3A2E0EB}.ReleaseNuget|Any CPU.ActiveCfg = Release|Any CPU
		{A947E42F-9274-40E5-B445-EDE7C3A2E0EB}.ReleaseNuget|Any CPU.Build.0 = Release|Any CPU
		{A947E42F-9274-40E5-B445-EDE7C3A2E0EB}.ReleaseNuget|x86.ActiveCfg = ReleaseNuget|x86
		{A947E42F-9274-40E5-B445-EDE7C3A2E0EB}.ReleaseNuget|x86.Build.0 = ReleaseNuget|x86
		{D9EFA348-45C2-411B-97E9-474E152E760A}.Debug|Any CPU.ActiveCfg = Debug|Any CPU
		{D9EFA348-45C2-411B-97E9-474E152E760A}.Debug|Any CPU.Build.0 = Debug|Any CPU
		{D9EFA348-45C2-411B-97E9-474E152E760A}.Debug|x86.ActiveCfg = Debug|x86
		{D9EFA348-45C2-411B-97E9-474E152E760A}.Debug|x86.Build.0 = Debug|x86
		{D9EFA348-45C2-411B-97E9-474E152E760A}.PrepInstaller|Any CPU.ActiveCfg = PrepInstaller|Any CPU
		{D9EFA348-45C2-411B-97E9-474E152E760A}.PrepInstaller|Any CPU.Build.0 = PrepInstaller|Any CPU
		{D9EFA348-45C2-411B-97E9-474E152E760A}.PrepInstaller|x86.ActiveCfg = PrepInstaller|x86
		{D9EFA348-45C2-411B-97E9-474E152E760A}.PrepInstaller|x86.Build.0 = PrepInstaller|x86
		{D9EFA348-45C2-411B-97E9-474E152E760A}.Release|Any CPU.ActiveCfg = Release|Any CPU
		{D9EFA348-45C2-411B-97E9-474E152E760A}.Release|Any CPU.Build.0 = Release|Any CPU
		{D9EFA348-45C2-411B-97E9-474E152E760A}.Release|x86.ActiveCfg = Release|x86
		{D9EFA348-45C2-411B-97E9-474E152E760A}.Release|x86.Build.0 = Release|x86
		{D9EFA348-45C2-411B-97E9-474E152E760A}.ReleaseNuget|Any CPU.ActiveCfg = ReleaseNuget|Any CPU
		{D9EFA348-45C2-411B-97E9-474E152E760A}.ReleaseNuget|Any CPU.Build.0 = ReleaseNuget|Any CPU
		{D9EFA348-45C2-411B-97E9-474E152E760A}.ReleaseNuget|x86.ActiveCfg = ReleaseNuget|x86
		{D9EFA348-45C2-411B-97E9-474E152E760A}.ReleaseNuget|x86.Build.0 = ReleaseNuget|x86
		{C50B1F3D-C4BC-4FCE-8DCE-D7930B97EA98}.Debug|Any CPU.ActiveCfg = Debug|Any CPU
		{C50B1F3D-C4BC-4FCE-8DCE-D7930B97EA98}.Debug|Any CPU.Build.0 = Debug|Any CPU
		{C50B1F3D-C4BC-4FCE-8DCE-D7930B97EA98}.Debug|x86.ActiveCfg = Debug|x86
		{C50B1F3D-C4BC-4FCE-8DCE-D7930B97EA98}.Debug|x86.Build.0 = Debug|x86
		{C50B1F3D-C4BC-4FCE-8DCE-D7930B97EA98}.PrepInstaller|Any CPU.ActiveCfg = PrepInstaller|Any CPU
		{C50B1F3D-C4BC-4FCE-8DCE-D7930B97EA98}.PrepInstaller|Any CPU.Build.0 = PrepInstaller|Any CPU
		{C50B1F3D-C4BC-4FCE-8DCE-D7930B97EA98}.PrepInstaller|x86.ActiveCfg = PrepInstaller|x86
		{C50B1F3D-C4BC-4FCE-8DCE-D7930B97EA98}.PrepInstaller|x86.Build.0 = PrepInstaller|x86
		{C50B1F3D-C4BC-4FCE-8DCE-D7930B97EA98}.Release|Any CPU.ActiveCfg = Release|Any CPU
		{C50B1F3D-C4BC-4FCE-8DCE-D7930B97EA98}.Release|Any CPU.Build.0 = Release|Any CPU
		{C50B1F3D-C4BC-4FCE-8DCE-D7930B97EA98}.Release|x86.ActiveCfg = Release|x86
		{C50B1F3D-C4BC-4FCE-8DCE-D7930B97EA98}.Release|x86.Build.0 = Release|x86
		{C50B1F3D-C4BC-4FCE-8DCE-D7930B97EA98}.ReleaseNuget|Any CPU.ActiveCfg = ReleaseNuget|Any CPU
		{C50B1F3D-C4BC-4FCE-8DCE-D7930B97EA98}.ReleaseNuget|Any CPU.Build.0 = ReleaseNuget|Any CPU
		{C50B1F3D-C4BC-4FCE-8DCE-D7930B97EA98}.ReleaseNuget|x86.ActiveCfg = ReleaseNuget|x86
		{C50B1F3D-C4BC-4FCE-8DCE-D7930B97EA98}.ReleaseNuget|x86.Build.0 = ReleaseNuget|x86
		{BF4715D1-8026-4EC5-9C64-A17836F25187}.Debug|Any CPU.ActiveCfg = Debug|Any CPU
		{BF4715D1-8026-4EC5-9C64-A17836F25187}.Debug|Any CPU.Build.0 = Debug|Any CPU
		{BF4715D1-8026-4EC5-9C64-A17836F25187}.Debug|x86.ActiveCfg = Debug|x86
		{BF4715D1-8026-4EC5-9C64-A17836F25187}.Debug|x86.Build.0 = Debug|x86
		{BF4715D1-8026-4EC5-9C64-A17836F25187}.PrepInstaller|Any CPU.ActiveCfg = PrepInstaller|Any CPU
		{BF4715D1-8026-4EC5-9C64-A17836F25187}.PrepInstaller|Any CPU.Build.0 = PrepInstaller|Any CPU
		{BF4715D1-8026-4EC5-9C64-A17836F25187}.PrepInstaller|x86.ActiveCfg = PrepInstaller|x86
		{BF4715D1-8026-4EC5-9C64-A17836F25187}.PrepInstaller|x86.Build.0 = PrepInstaller|x86
		{BF4715D1-8026-4EC5-9C64-A17836F25187}.Release|Any CPU.ActiveCfg = Release|Any CPU
		{BF4715D1-8026-4EC5-9C64-A17836F25187}.Release|Any CPU.Build.0 = Release|Any CPU
		{BF4715D1-8026-4EC5-9C64-A17836F25187}.Release|x86.ActiveCfg = Release|x86
		{BF4715D1-8026-4EC5-9C64-A17836F25187}.Release|x86.Build.0 = Release|x86
		{BF4715D1-8026-4EC5-9C64-A17836F25187}.ReleaseNuget|Any CPU.ActiveCfg = ReleaseNuget|Any CPU
		{BF4715D1-8026-4EC5-9C64-A17836F25187}.ReleaseNuget|Any CPU.Build.0 = ReleaseNuget|Any CPU
		{BF4715D1-8026-4EC5-9C64-A17836F25187}.ReleaseNuget|x86.ActiveCfg = ReleaseNuget|x86
		{BF4715D1-8026-4EC5-9C64-A17836F25187}.ReleaseNuget|x86.Build.0 = ReleaseNuget|x86
		{D985088B-B432-4F3A-BB18-DD6F647E9378}.Debug|Any CPU.ActiveCfg = Debug|Any CPU
		{D985088B-B432-4F3A-BB18-DD6F647E9378}.Debug|Any CPU.Build.0 = Debug|Any CPU
		{D985088B-B432-4F3A-BB18-DD6F647E9378}.Debug|x86.ActiveCfg = Debug|x86
		{D985088B-B432-4F3A-BB18-DD6F647E9378}.Debug|x86.Build.0 = Debug|x86
		{D985088B-B432-4F3A-BB18-DD6F647E9378}.PrepInstaller|Any CPU.ActiveCfg = PrepInstaller|Any CPU
		{D985088B-B432-4F3A-BB18-DD6F647E9378}.PrepInstaller|Any CPU.Build.0 = PrepInstaller|Any CPU
		{D985088B-B432-4F3A-BB18-DD6F647E9378}.PrepInstaller|x86.ActiveCfg = PrepInstaller|x86
		{D985088B-B432-4F3A-BB18-DD6F647E9378}.PrepInstaller|x86.Build.0 = PrepInstaller|x86
		{D985088B-B432-4F3A-BB18-DD6F647E9378}.Release|Any CPU.ActiveCfg = Release|Any CPU
		{D985088B-B432-4F3A-BB18-DD6F647E9378}.Release|Any CPU.Build.0 = Release|Any CPU
		{D985088B-B432-4F3A-BB18-DD6F647E9378}.Release|x86.ActiveCfg = Release|x86
		{D985088B-B432-4F3A-BB18-DD6F647E9378}.Release|x86.Build.0 = Release|x86
		{D985088B-B432-4F3A-BB18-DD6F647E9378}.ReleaseNuget|Any CPU.ActiveCfg = ReleaseNuget|Any CPU
		{D985088B-B432-4F3A-BB18-DD6F647E9378}.ReleaseNuget|Any CPU.Build.0 = ReleaseNuget|Any CPU
		{D985088B-B432-4F3A-BB18-DD6F647E9378}.ReleaseNuget|x86.ActiveCfg = ReleaseNuget|x86
		{D985088B-B432-4F3A-BB18-DD6F647E9378}.ReleaseNuget|x86.Build.0 = ReleaseNuget|x86
		{7E0D4FA7-1983-4177-9431-2A5C58BF031F}.Debug|Any CPU.ActiveCfg = Debug|Any CPU
		{7E0D4FA7-1983-4177-9431-2A5C58BF031F}.Debug|Any CPU.Build.0 = Debug|Any CPU
		{7E0D4FA7-1983-4177-9431-2A5C58BF031F}.Debug|x86.ActiveCfg = Debug|x86
		{7E0D4FA7-1983-4177-9431-2A5C58BF031F}.Debug|x86.Build.0 = Debug|x86
		{7E0D4FA7-1983-4177-9431-2A5C58BF031F}.PrepInstaller|Any CPU.ActiveCfg = PrepInstaller|Any CPU
		{7E0D4FA7-1983-4177-9431-2A5C58BF031F}.PrepInstaller|Any CPU.Build.0 = PrepInstaller|Any CPU
		{7E0D4FA7-1983-4177-9431-2A5C58BF031F}.PrepInstaller|x86.ActiveCfg = PrepInstaller|x86
		{7E0D4FA7-1983-4177-9431-2A5C58BF031F}.PrepInstaller|x86.Build.0 = PrepInstaller|x86
		{7E0D4FA7-1983-4177-9431-2A5C58BF031F}.Release|Any CPU.ActiveCfg = Release|Any CPU
		{7E0D4FA7-1983-4177-9431-2A5C58BF031F}.Release|Any CPU.Build.0 = Release|Any CPU
		{7E0D4FA7-1983-4177-9431-2A5C58BF031F}.Release|x86.ActiveCfg = Release|x86
		{7E0D4FA7-1983-4177-9431-2A5C58BF031F}.Release|x86.Build.0 = Release|x86
		{7E0D4FA7-1983-4177-9431-2A5C58BF031F}.ReleaseNuget|Any CPU.ActiveCfg = ReleaseNuget|Any CPU
		{7E0D4FA7-1983-4177-9431-2A5C58BF031F}.ReleaseNuget|Any CPU.Build.0 = ReleaseNuget|Any CPU
		{7E0D4FA7-1983-4177-9431-2A5C58BF031F}.ReleaseNuget|x86.ActiveCfg = ReleaseNuget|x86
		{7E0D4FA7-1983-4177-9431-2A5C58BF031F}.ReleaseNuget|x86.Build.0 = ReleaseNuget|x86
	EndGlobalSection
	GlobalSection(SolutionProperties) = preSolution
		HideSolutionNode = FALSE
	EndGlobalSection
	GlobalSection(ExtensibilityGlobals) = postSolution
		SolutionGuid = {8E1547FD-8949-4087-AF8C-38912E04722A}
	EndGlobalSection
EndGlobal
